{
  "nodes": {
    "flake-compat": {
      "flake": false,
      "locked": {
        "lastModified": 1650374568,
        "narHash": "sha256-Z+s0J8/r907g149rllvwhb4pKi8Wam5ij0st8PwAh+E=",
        "owner": "edolstra",
        "repo": "flake-compat",
        "rev": "b4a34015c698c7793d592d66adbab377907a2be8",
        "type": "github"
      },
      "original": {
        "owner": "edolstra",
        "repo": "flake-compat",
        "type": "github"
      }
    },
    "home-manager": {
      "inputs": {
        "nixpkgs": [
          "nixpkgs"
        ],
        "utils": "utils"
      },
      "locked": {
        "lastModified": 1661284925,
        "narHash": "sha256-DKxOkYrhbdBt2t+C3rpJrEBsM6A63jP92TM+XnUKyho=",
        "owner": "nix-community",
        "repo": "home-manager",
        "rev": "353d21e108790a4823c9fae9812dc953e8994399",
        "type": "github"
      },
      "original": {
        "owner": "nix-community",
        "repo": "home-manager",
        "type": "github"
      }
    },
    "nix-matlab": {
      "inputs": {
        "flake-compat": "flake-compat",
        "nixpkgs": [
          "nixpkgs"
        ]
      },
      "locked": {
        "lastModified": 1661266965,
        "narHash": "sha256-TS7B4bFadhAcTJq0f73buAhL12Ks/qcljaqoKBZn9A8=",
        "owner": "doronbehar",
        "repo": "nix-matlab",
        "rev": "8d3ed5a612adedd3a41a14394c61b797b70e1e5a",
        "type": "gitlab"
      },
      "original": {
        "owner": "doronbehar",
        "repo": "nix-matlab",
        "type": "gitlab"
      }
    },
    "nixpkgs": {
      "locked": {
        "lastModified": 1661296439,
        "narHash": "sha256-quDgSKmtrphMDmDECDw+Ceguqihkf5U3P9K9DBnr9P0=",
        "owner": "nixos",
        "repo": "nixpkgs",
        "rev": "2f63a28b7cf8ecb7205fadc8bbae22e20d0aefe9",
        "type": "github"
      },
      "original": {
        "owner": "nixos",
        "ref": "master",
        "repo": "nixpkgs",
        "type": "github"
      }
    },
    "nur": {
      "locked": {
        "lastModified": 1661281861,
        "narHash": "sha256-nEMwhUL8XIh8tzgvIZqJgFa+TcJ5Up0e3Kv721vh/DA=",
        "owner": "nix-community",
        "repo": "NUR",
        "rev": "ad1adc14fa01a3cd268c14642c88650c067ac418",
        "type": "github"
      },
      "original": {
        "owner": "nix-community",
        "repo": "NUR",
        "type": "github"
      }
    },
    "root": {
      "inputs": {
        "home-manager": "home-manager",
        "nix-matlab": "nix-matlab",
        "nixpkgs": "nixpkgs",
        "nur": "nur"
      }
    },
    "utils": {
      "locked": {
        "lastModified": 1653893745,
        "narHash": "sha256-0jntwV3Z8//YwuOjzhV2sgJJPt+HY6KhU7VZUL0fKZQ=",
        "owner": "numtide",
        "repo": "flake-utils",
        "rev": "1ed9fb1935d260de5fe1c2f7ee0ebaae17ed2fa1",
        "type": "github"
      },
      "original": {
        "owner": "numtide",
        "repo": "flake-utils",
        "type": "github"
      }
    }
  },
  "root": "root",
  "version": 7
}
